{"filter":false,"title":"package-lock.json","tooltip":"/minions-reactapp/package-lock.json","undoManager":{"mark":-1,"position":-1,"stack":[]},"ace":{"folds":[],"scrolltop":6944,"scrollleft":0,"selection":{"start":{"row":0,"column":0},"end":{"row":0,"column":0},"isBackwards":false},"options":{"guessTabSize":true,"useWrapMode":false,"wrapToView":true},"firstLineState":{"row":433,"state":"start","mode":"ace/mode/json"}},"timestamp":1540252900791,"hash":"340e3415e3aff27ea26187489c16960ef2da7f8f"}